{
  "nodes": {
    "guidestone": {
      "inputs": {
        "nixpkgs": [
          "nixpkgs"
        ]
      },
      "locked": {
        "lastModified": 1686328743,
        "narHash": "sha256-8D87HRUeppB1oN+4xIDROHQWuhqBAYuJjngVv0UkPic=",
        "ref": "refs/heads/main",
        "rev": "457fdde5658b3f3826dc993fdfb3b4acf1f27dce",
        "revCount": 3,
        "type": "git",
        "url": "https://gitlab.com/homeworldsdl/the-guidestone.git"
      },
      "original": {
        "type": "git",
        "url": "https://gitlab.com/homeworldsdl/the-guidestone.git"
      }
    },
    "nixpkgs": {
      "locked": {
        "lastModified": 1686277352,
        "narHash": "sha256-quryYLnntwZZrwJ4Vsx24hiCkwiYZAEttiOu983akGg=",
        "owner": "NixOS",
        "repo": "nixpkgs",
        "rev": "a9fa8f8450a2ae296f152a9b3d52df68d24b7cfc",
        "type": "github"
      },
      "original": {
        "id": "nixpkgs",
        "type": "indirect"
      }
    },
    "root": {
      "inputs": {
        "guidestone": "guidestone",
        "nixpkgs": "nixpkgs"
      }
    }
  },
  "root": "root",
  "version": 7
}
